
Microsoft Visual Studio Solution File, Format Version 12.00
# Visual Studio Version 17
VisualStudioVersion = 17.0.31903.59
MinimumVisualStudioVersion = 10.0.40219.1
Project("{FAE04EC0-301F-11D3-BF4B-00C04F79EFBC}") = "Discoteque.API", "Discoteque.API\Discoteque.API.csproj", "{FE0B803F-FEBD-4346-9F39-B77B87AB3F98}"
EndProject
Project("{FAE04EC0-301F-11D3-BF4B-00C04F79EFBC}") = "Discoteque.Business", "Discoteque.Business\Discoteque.Business.csproj", "{8BE13097-96CD-4666-94F9-AA0E9F1FE8B2}"
EndProject
Project("{FAE04EC0-301F-11D3-BF4B-00C04F79EFBC}") = "Discoteque.Data", "Discoteque.Data\Discoteque.Data.csproj", "{1B5F53F0-47C9-424D-9CAC-A54AD3AD27C7}"
EndProject
Global
	GlobalSection(SolutionConfigurationPlatforms) = preSolution
		Debug|Any CPU = Debug|Any CPU
		Release|Any CPU = Release|Any CPU
	EndGlobalSection
	GlobalSection(SolutionProperties) = preSolution
		HideSolutionNode = FALSE
	EndGlobalSection
	GlobalSection(ProjectConfigurationPlatforms) = postSolution
		{FE0B803F-FEBD-4346-9F39-B77B87AB3F98}.Debug|Any CPU.ActiveCfg = Debug|Any CPU
		{FE0B803F-FEBD-4346-9F39-B77B87AB3F98}.Debug|Any CPU.Build.0 = Debug|Any CPU
		{FE0B803F-FEBD-4346-9F39-B77B87AB3F98}.Release|Any CPU.ActiveCfg = Release|Any CPU
		{FE0B803F-FEBD-4346-9F39-B77B87AB3F98}.Release|Any CPU.Build.0 = Release|Any CPU
		{8BE13097-96CD-4666-94F9-AA0E9F1FE8B2}.Debug|Any CPU.ActiveCfg = Debug|Any CPU
		{8BE13097-96CD-4666-94F9-AA0E9F1FE8B2}.Debug|Any CPU.Build.0 = Debug|Any CPU
		{8BE13097-96CD-4666-94F9-AA0E9F1FE8B2}.Release|Any CPU.ActiveCfg = Release|Any CPU
		{8BE13097-96CD-4666-94F9-AA0E9F1FE8B2}.Release|Any CPU.Build.0 = Release|Any CPU
		{1B5F53F0-47C9-424D-9CAC-A54AD3AD27C7}.Debug|Any CPU.ActiveCfg = Debug|Any CPU
		{1B5F53F0-47C9-424D-9CAC-A54AD3AD27C7}.Debug|Any CPU.Build.0 = Debug|Any CPU
		{1B5F53F0-47C9-424D-9CAC-A54AD3AD27C7}.Release|Any CPU.ActiveCfg = Release|Any CPU
		{1B5F53F0-47C9-424D-9CAC-A54AD3AD27C7}.Release|Any CPU.Build.0 = Release|Any CPU
	EndGlobalSection
EndGlobal
